
Microsoft Visual Studio Solution File, Format Version 12.00
# Visual Studio Version 16
VisualStudioVersion = 16.0.29521.150
MinimumVisualStudioVersion = 10.0.40219.1
Project("{FAE04EC0-301F-11D3-BF4B-00C04F79EFBC}") = "ApiEFCore31Fn", "ApiEFCore31Fn\ApiEFCore31Fn.csproj", "{D96D4481-3AA7-4F07-B64B-6D9AE6FBA840}"
EndProject
Project("{FAE04EC0-301F-11D3-BF4B-00C04F79EFBC}") = "ApiEFCore31Fn.Fn", "ApiEFCore31Fn.Fn\ApiEFCore31Fn.Fn.csproj", "{9440A45A-1341-4CD6-AC3A-B53226A7CCE0}"
EndProject
Global
	GlobalSection(SolutionConfigurationPlatforms) = preSolution
		Debug|Any CPU = Debug|Any CPU
		Release|Any CPU = Release|Any CPU
	EndGlobalSection
	GlobalSection(ProjectConfigurationPlatforms) = postSolution
		{D96D4481-3AA7-4F07-B64B-6D9AE6FBA840}.Debug|Any CPU.ActiveCfg = Debug|Any CPU
		{D96D4481-3AA7-4F07-B64B-6D9AE6FBA840}.Debug|Any CPU.Build.0 = Debug|Any CPU
		{D96D4481-3AA7-4F07-B64B-6D9AE6FBA840}.Release|Any CPU.ActiveCfg = Release|Any CPU
		{D96D4481-3AA7-4F07-B64B-6D9AE6FBA840}.Release|Any CPU.Build.0 = Release|Any CPU
		{9440A45A-1341-4CD6-AC3A-B53226A7CCE0}.Debug|Any CPU.ActiveCfg = Debug|Any CPU
		{9440A45A-1341-4CD6-AC3A-B53226A7CCE0}.Debug|Any CPU.Build.0 = Debug|Any CPU
		{9440A45A-1341-4CD6-AC3A-B53226A7CCE0}.Release|Any CPU.ActiveCfg = Release|Any CPU
		{9440A45A-1341-4CD6-AC3A-B53226A7CCE0}.Release|Any CPU.Build.0 = Release|Any CPU
	EndGlobalSection
	GlobalSection(SolutionProperties) = preSolution
		HideSolutionNode = FALSE
	EndGlobalSection
	GlobalSection(ExtensibilityGlobals) = postSolution
		SolutionGuid = {14133FE9-BE63-40C3-AAF8-B27EC9928CD9}
	EndGlobalSection
EndGlobal
